
Microsoft Visual Studio Solution File, Format Version 12.00
# Visual Studio Version 16
VisualStudioVersion = 16.0.29318.209
MinimumVisualStudioVersion = 10.0.40219.1
Project("{FAE04EC0-301F-11D3-BF4B-00C04F79EFBC}") = "ProMeasure", "ProMeasure\ProMeasure.csproj", "{D6E2CE35-57BE-42C7-8584-2906D6A84E4F}"
EndProject
Global
	GlobalSection(SolutionConfigurationPlatforms) = preSolution
		Debug|Any CPU = Debug|Any CPU
		Debug|x64 = Debug|x64
		Release|Any CPU = Release|Any CPU
		Release|x64 = Release|x64
	EndGlobalSection
	GlobalSection(ProjectConfigurationPlatforms) = postSolution
		{D6E2CE35-57BE-42C7-8584-2906D6A84E4F}.Debug|Any CPU.ActiveCfg = Debug|x64
		{D6E2CE35-57BE-42C7-8584-2906D6A84E4F}.Debug|Any CPU.Build.0 = Debug|x64
		{D6E2CE35-57BE-42C7-8584-2906D6A84E4F}.Debug|x64.ActiveCfg = Debug|x64
		{D6E2CE35-57BE-42C7-8584-2906D6A84E4F}.Debug|x64.Build.0 = Debug|x64
		{D6E2CE35-57BE-42C7-8584-2906D6A84E4F}.Release|Any CPU.ActiveCfg = Release|Any CPU
		{D6E2CE35-57BE-42C7-8584-2906D6A84E4F}.Release|Any CPU.Build.0 = Release|Any CPU
		{D6E2CE35-57BE-42C7-8584-2906D6A84E4F}.Release|x64.ActiveCfg = Release|x64
		{D6E2CE35-57BE-42C7-8584-2906D6A84E4F}.Release|x64.Build.0 = Release|x64
	EndGlobalSection
	GlobalSection(SolutionProperties) = preSolution
		HideSolutionNode = FALSE
	EndGlobalSection
	GlobalSection(ExtensibilityGlobals) = postSolution
		SolutionGuid = {5C5FB310-ECA5-4CAD-8CC0-B776B70E8E56}
	EndGlobalSection
EndGlobal
